
Microsoft Visual Studio Solution File, Format Version 12.00
# Visual Studio Version 17
VisualStudioVersion = 17.14.36717.8 d17.14
MinimumVisualStudioVersion = 10.0.40219.1
Project("{FAE04EC0-301F-11D3-BF4B-00C04F79EFBC}") = "FinanceTracker.API", "FinanceTracker.API.csproj", "{0F55ED79-AFE0-48EB-A51E-AB59116EFC5E}"
EndProject
Global
	GlobalSection(SolutionConfigurationPlatforms) = preSolution
		Debug|Any CPU = Debug|Any CPU
		Release|Any CPU = Release|Any CPU
	EndGlobalSection
	GlobalSection(ProjectConfigurationPlatforms) = postSolution
		{0F55ED79-AFE0-48EB-A51E-AB59116EFC5E}.Debug|Any CPU.ActiveCfg = Debug|Any CPU
		{0F55ED79-AFE0-48EB-A51E-AB59116EFC5E}.Debug|Any CPU.Build.0 = Debug|Any CPU
		{0F55ED79-AFE0-48EB-A51E-AB59116EFC5E}.Release|Any CPU.ActiveCfg = Release|Any CPU
		{0F55ED79-AFE0-48EB-A51E-AB59116EFC5E}.Release|Any CPU.Build.0 = Release|Any CPU
	EndGlobalSection
	GlobalSection(SolutionProperties) = preSolution
		HideSolutionNode = FALSE
	EndGlobalSection
	GlobalSection(ExtensibilityGlobals) = postSolution
		SolutionGuid = {36AB041C-FE7B-460E-9F0D-D1548517D939}
	EndGlobalSection
EndGlobal
