
Microsoft Visual Studio Solution File, Format Version 12.00
# Visual Studio Version 17
VisualStudioVersion = 17.14.36717.8 d17.14
MinimumVisualStudioVersion = 10.0.40219.1
Project("{FAE04EC0-301F-11D3-BF4B-00C04F79EFBC}") = "FinanceTracker.ConsoleClient", "FinanceTracker.ConsoleClient.csproj", "{1F0AA1FE-91DC-4A3E-AF02-46BA0809C7CA}"
EndProject
Global
	GlobalSection(SolutionConfigurationPlatforms) = preSolution
		Debug|Any CPU = Debug|Any CPU
		Release|Any CPU = Release|Any CPU
	EndGlobalSection
	GlobalSection(ProjectConfigurationPlatforms) = postSolution
		{1F0AA1FE-91DC-4A3E-AF02-46BA0809C7CA}.Debug|Any CPU.ActiveCfg = Debug|Any CPU
		{1F0AA1FE-91DC-4A3E-AF02-46BA0809C7CA}.Debug|Any CPU.Build.0 = Debug|Any CPU
		{1F0AA1FE-91DC-4A3E-AF02-46BA0809C7CA}.Release|Any CPU.ActiveCfg = Release|Any CPU
		{1F0AA1FE-91DC-4A3E-AF02-46BA0809C7CA}.Release|Any CPU.Build.0 = Release|Any CPU
	EndGlobalSection
	GlobalSection(SolutionProperties) = preSolution
		HideSolutionNode = FALSE
	EndGlobalSection
	GlobalSection(ExtensibilityGlobals) = postSolution
		SolutionGuid = {C8294321-41B1-4818-85E3-C7B36D736BF6}
	EndGlobalSection
EndGlobal
