
Microsoft Visual Studio Solution File, Format Version 12.00
# Visual Studio Version 17
VisualStudioVersion = 17.0.31903.59
MinimumVisualStudioVersion = 10.0.40219.1
Project("{2150E333-8FDC-42A3-9474-1A3956D46DE8}") = "src", "src", "{827E0CD3-B72D-47B6-A68D-7590B98EB39B}"
EndProject
Project("{FAE04EC0-301F-11D3-BF4B-00C04F79EFBC}") = "PRM.SharedKernel", "src\PRM.SharedKernel\PRM.SharedKernel.csproj", "{8FF85A4A-A45A-45AA-A12B-48509EEFB732}"
EndProject
Project("{FAE04EC0-301F-11D3-BF4B-00C04F79EFBC}") = "PRM.Domain", "src\PRM.Domain\PRM.Domain.csproj", "{5DEF1492-0EEC-4C75-ABAC-666E8966B243}"
EndProject
Project("{FAE04EC0-301F-11D3-BF4B-00C04F79EFBC}") = "PRM.Application", "src\PRM.Application\PRM.Application.csproj", "{0B09FFB5-AEDB-43DF-AF1C-DFD0C46AB16B}"
EndProject
Project("{FAE04EC0-301F-11D3-BF4B-00C04F79EFBC}") = "PRM.Persistence", "src\PRM.Persistence\PRM.Persistence.csproj", "{56C2CEB0-E23F-4FA2-A91B-E03F65EE501D}"
EndProject
Project("{FAE04EC0-301F-11D3-BF4B-00C04F79EFBC}") = "PRM.Infrastructure", "src\PRM.Infrastructure\PRM.Infrastructure.csproj", "{29A3BBD4-EC03-4DC7-B850-46FFA9741FAB}"
EndProject
Project("{FAE04EC0-301F-11D3-BF4B-00C04F79EFBC}") = "PRM.Api", "src\PRM.Api\PRM.Api.csproj", "{FCF29F88-DD2D-460E-A97A-805B94EE0C54}"
EndProject
Project("{FAE04EC0-301F-11D3-BF4B-00C04F79EFBC}") = "PRM.ConsoleClient", "src\PRM.ConsoleClient\PRM.ConsoleClient.csproj", "{887CD7E7-B915-45B5-9274-B5DFD49DEC4A}"
EndProject
Project("{FAE04EC0-301F-11D3-BF4B-00C04F79EFBC}") = "PRM.UnitTests", "tests\PRM.UnitTests\PRM.UnitTests.csproj", "{AE31210A-8985-4801-B501-609C14EAAD62}"
EndProject
Project("{FAE04EC0-301F-11D3-BF4B-00C04F79EFBC}") = "PRM.IntegrationTests", "tests\PRM.IntegrationTests\PRM.IntegrationTests.csproj", "{210A907E-8815-4667-A068-3F4FE6D802D8}"
EndProject
Global
	GlobalSection(SolutionConfigurationPlatforms) = preSolution
		Debug|Any CPU = Debug|Any CPU
		Debug|x64 = Debug|x64
		Debug|x86 = Debug|x86
		Release|Any CPU = Release|Any CPU
		Release|x64 = Release|x64
		Release|x86 = Release|x86
	EndGlobalSection
	GlobalSection(ProjectConfigurationPlatforms) = postSolution
		{8FF85A4A-A45A-45AA-A12B-48509EEFB732}.Debug|Any CPU.ActiveCfg = Debug|Any CPU
		{8FF85A4A-A45A-45AA-A12B-48509EEFB732}.Debug|Any CPU.Build.0 = Debug|Any CPU
		{8FF85A4A-A45A-45AA-A12B-48509EEFB732}.Debug|x64.ActiveCfg = Debug|Any CPU
		{8FF85A4A-A45A-45AA-A12B-48509EEFB732}.Debug|x64.Build.0 = Debug|Any CPU
		{8FF85A4A-A45A-45AA-A12B-48509EEFB732}.Debug|x86.ActiveCfg = Debug|Any CPU
		{8FF85A4A-A45A-45AA-A12B-48509EEFB732}.Debug|x86.Build.0 = Debug|Any CPU
		{8FF85A4A-A45A-45AA-A12B-48509EEFB732}.Release|Any CPU.ActiveCfg = Release|Any CPU
		{8FF85A4A-A45A-45AA-A12B-48509EEFB732}.Release|Any CPU.Build.0 = Release|Any CPU
		{8FF85A4A-A45A-45AA-A12B-48509EEFB732}.Release|x64.ActiveCfg = Release|Any CPU
		{8FF85A4A-A45A-45AA-A12B-48509EEFB732}.Release|x64.Build.0 = Release|Any CPU
		{8FF85A4A-A45A-45AA-A12B-48509EEFB732}.Release|x86.ActiveCfg = Release|Any CPU
		{8FF85A4A-A45A-45AA-A12B-48509EEFB732}.Release|x86.Build.0 = Release|Any CPU
		{5DEF1492-0EEC-4C75-ABAC-666E8966B243}.Debug|Any CPU.ActiveCfg = Debug|Any CPU
		{5DEF1492-0EEC-4C75-ABAC-666E8966B243}.Debug|Any CPU.Build.0 = Debug|Any CPU
		{5DEF1492-0EEC-4C75-ABAC-666E8966B243}.Debug|x64.ActiveCfg = Debug|Any CPU
		{5DEF1492-0EEC-4C75-ABAC-666E8966B243}.Debug|x64.Build.0 = Debug|Any CPU
		{5DEF1492-0EEC-4C75-ABAC-666E8966B243}.Debug|x86.ActiveCfg = Debug|Any CPU
		{5DEF1492-0EEC-4C75-ABAC-666E8966B243}.Debug|x86.Build.0 = Debug|Any CPU
		{5DEF1492-0EEC-4C75-ABAC-666E8966B243}.Release|Any CPU.ActiveCfg = Release|Any CPU
		{5DEF1492-0EEC-4C75-ABAC-666E8966B243}.Release|Any CPU.Build.0 = Release|Any CPU
		{5DEF1492-0EEC-4C75-ABAC-666E8966B243}.Release|x64.ActiveCfg = Release|Any CPU
		{5DEF1492-0EEC-4C75-ABAC-666E8966B243}.Release|x64.Build.0 = Release|Any CPU
		{5DEF1492-0EEC-4C75-ABAC-666E8966B243}.Release|x86.ActiveCfg = Release|Any CPU
		{5DEF1492-0EEC-4C75-ABAC-666E8966B243}.Release|x86.Build.0 = Release|Any CPU
		{0B09FFB5-AEDB-43DF-AF1C-DFD0C46AB16B}.Debug|Any CPU.ActiveCfg = Debug|Any CPU
		{0B09FFB5-AEDB-43DF-AF1C-DFD0C46AB16B}.Debug|Any CPU.Build.0 = Debug|Any CPU
		{0B09FFB5-AEDB-43DF-AF1C-DFD0C46AB16B}.Debug|x64.ActiveCfg = Debug|Any CPU
		{0B09FFB5-AEDB-43DF-AF1C-DFD0C46AB16B}.Debug|x64.Build.0 = Debug|Any CPU
		{0B09FFB5-AEDB-43DF-AF1C-DFD0C46AB16B}.Debug|x86.ActiveCfg = Debug|Any CPU
		{0B09FFB5-AEDB-43DF-AF1C-DFD0C46AB16B}.Debug|x86.Build.0 = Debug|Any CPU
		{0B09FFB5-AEDB-43DF-AF1C-DFD0C46AB16B}.Release|Any CPU.ActiveCfg = Release|Any CPU
		{0B09FFB5-AEDB-43DF-AF1C-DFD0C46AB16B}.Release|Any CPU.Build.0 = Release|Any CPU
		{0B09FFB5-AEDB-43DF-AF1C-DFD0C46AB16B}.Release|x64.ActiveCfg = Release|Any CPU
		{0B09FFB5-AEDB-43DF-AF1C-DFD0C46AB16B}.Release|x64.Build.0 = Release|Any CPU
		{0B09FFB5-AEDB-43DF-AF1C-DFD0C46AB16B}.Release|x86.ActiveCfg = Release|Any CPU
		{0B09FFB5-AEDB-43DF-AF1C-DFD0C46AB16B}.Release|x86.Build.0 = Release|Any CPU
		{56C2CEB0-E23F-4FA2-A91B-E03F65EE501D}.Debug|Any CPU.ActiveCfg = Debug|Any CPU
		{56C2CEB0-E23F-4FA2-A91B-E03F65EE501D}.Debug|Any CPU.Build.0 = Debug|Any CPU
		{56C2CEB0-E23F-4FA2-A91B-E03F65EE501D}.Debug|x64.ActiveCfg = Debug|Any CPU
		{56C2CEB0-E23F-4FA2-A91B-E03F65EE501D}.Debug|x64.Build.0 = Debug|Any CPU
		{56C2CEB0-E23F-4FA2-A91B-E03F65EE501D}.Debug|x86.ActiveCfg = Debug|Any CPU
		{56C2CEB0-E23F-4FA2-A91B-E03F65EE501D}.Debug|x86.Build.0 = Debug|Any CPU
		{56C2CEB0-E23F-4FA2-A91B-E03F65EE501D}.Release|Any CPU.ActiveCfg = Release|Any CPU
		{56C2CEB0-E23F-4FA2-A91B-E03F65EE501D}.Release|Any CPU.Build.0 = Release|Any CPU
		{56C2CEB0-E23F-4FA2-A91B-E03F65EE501D}.Release|x64.ActiveCfg = Release|Any CPU
		{56C2CEB0-E23F-4FA2-A91B-E03F65EE501D}.Release|x64.Build.0 = Release|Any CPU
		{56C2CEB0-E23F-4FA2-A91B-E03F65EE501D}.Release|x86.ActiveCfg = Release|Any CPU
		{56C2CEB0-E23F-4FA2-A91B-E03F65EE501D}.Release|x86.Build.0 = Release|Any CPU
		{29A3BBD4-EC03-4DC7-B850-46FFA9741FAB}.Debug|Any CPU.ActiveCfg = Debug|Any CPU
		{29A3BBD4-EC03-4DC7-B850-46FFA9741FAB}.Debug|Any CPU.Build.0 = Debug|Any CPU
		{29A3BBD4-EC03-4DC7-B850-46FFA9741FAB}.Debug|x64.ActiveCfg = Debug|Any CPU
		{29A3BBD4-EC03-4DC7-B850-46FFA9741FAB}.Debug|x64.Build.0 = Debug|Any CPU
		{29A3BBD4-EC03-4DC7-B850-46FFA9741FAB}.Debug|x86.ActiveCfg = Debug|Any CPU
		{29A3BBD4-EC03-4DC7-B850-46FFA9741FAB}.Debug|x86.Build.0 = Debug|Any CPU
		{29A3BBD4-EC03-4DC7-B850-46FFA9741FAB}.Release|Any CPU.ActiveCfg = Release|Any CPU
		{29A3BBD4-EC03-4DC7-B850-46FFA9741FAB}.Release|Any CPU.Build.0 = Release|Any CPU
		{29A3BBD4-EC03-4DC7-B850-46FFA9741FAB}.Release|x64.ActiveCfg = Release|Any CPU
		{29A3BBD4-EC03-4DC7-B850-46FFA9741FAB}.Release|x64.Build.0 = Release|Any CPU
		{29A3BBD4-EC03-4DC7-B850-46FFA9741FAB}.Release|x86.ActiveCfg = Release|Any CPU
		{29A3BBD4-EC03-4DC7-B850-46FFA9741FAB}.Release|x86.Build.0 = Release|Any CPU
		{FCF29F88-DD2D-460E-A97A-805B94EE0C54}.Debug|Any CPU.ActiveCfg = Debug|Any CPU
		{FCF29F88-DD2D-460E-A97A-805B94EE0C54}.Debug|Any CPU.Build.0 = Debug|Any CPU
		{FCF29F88-DD2D-460E-A97A-805B94EE0C54}.Debug|x64.ActiveCfg = Debug|Any CPU
		{FCF29F88-DD2D-460E-A97A-805B94EE0C54}.Debug|x64.Build.0 = Debug|Any CPU
		{FCF29F88-DD2D-460E-A97A-805B94EE0C54}.Debug|x86.ActiveCfg = Debug|Any CPU
		{FCF29F88-DD2D-460E-A97A-805B94EE0C54}.Debug|x86.Build.0 = Debug|Any CPU
		{FCF29F88-DD2D-460E-A97A-805B94EE0C54}.Release|Any CPU.ActiveCfg = Release|Any CPU
		{FCF29F88-DD2D-460E-A97A-805B94EE0C54}.Release|Any CPU.Build.0 = Release|Any CPU
		{FCF29F88-DD2D-460E-A97A-805B94EE0C54}.Release|x64.ActiveCfg = Release|Any CPU
		{FCF29F88-DD2D-460E-A97A-805B94EE0C54}.Release|x64.Build.0 = Release|Any CPU
		{FCF29F88-DD2D-460E-A97A-805B94EE0C54}.Release|x86.ActiveCfg = Release|Any CPU
		{FCF29F88-DD2D-460E-A97A-805B94EE0C54}.Release|x86.Build.0 = Release|Any CPU
		{887CD7E7-B915-45B5-9274-B5DFD49DEC4A}.Debug|Any CPU.ActiveCfg = Debug|Any CPU
		{887CD7E7-B915-45B5-9274-B5DFD49DEC4A}.Debug|Any CPU.Build.0 = Debug|Any CPU
		{887CD7E7-B915-45B5-9274-B5DFD49DEC4A}.Debug|x64.ActiveCfg = Debug|Any CPU
		{887CD7E7-B915-45B5-9274-B5DFD49DEC4A}.Debug|x64.Build.0 = Debug|Any CPU
		{887CD7E7-B915-45B5-9274-B5DFD49DEC4A}.Debug|x86.ActiveCfg = Debug|Any CPU
		{887CD7E7-B915-45B5-9274-B5DFD49DEC4A}.Debug|x86.Build.0 = Debug|Any CPU
		{887CD7E7-B915-45B5-9274-B5DFD49DEC4A}.Release|Any CPU.ActiveCfg = Release|Any CPU
		{887CD7E7-B915-45B5-9274-B5DFD49DEC4A}.Release|Any CPU.Build.0 = Release|Any CPU
		{887CD7E7-B915-45B5-9274-B5DFD49DEC4A}.Release|x64.ActiveCfg = Release|Any CPU
		{887CD7E7-B915-45B5-9274-B5DFD49DEC4A}.Release|x64.Build.0 = Release|Any CPU
		{887CD7E7-B915-45B5-9274-B5DFD49DEC4A}.Release|x86.ActiveCfg = Release|Any CPU
		{887CD7E7-B915-45B5-9274-B5DFD49DEC4A}.Release|x86.Build.0 = Release|Any CPU
		{AE31210A-8985-4801-B501-609C14EAAD62}.Debug|Any CPU.ActiveCfg = Debug|Any CPU
		{AE31210A-8985-4801-B501-609C14EAAD62}.Debug|Any CPU.Build.0 = Debug|Any CPU
		{AE31210A-8985-4801-B501-609C14EAAD62}.Debug|x64.ActiveCfg = Debug|Any CPU
		{AE31210A-8985-4801-B501-609C14EAAD62}.Debug|x64.Build.0 = Debug|Any CPU
		{AE31210A-8985-4801-B501-609C14EAAD62}.Debug|x86.ActiveCfg = Debug|Any CPU
		{AE31210A-8985-4801-B501-609C14EAAD62}.Debug|x86.Build.0 = Debug|Any CPU
		{AE31210A-8985-4801-B501-609C14EAAD62}.Release|Any CPU.ActiveCfg = Release|Any CPU
		{AE31210A-8985-4801-B501-609C14EAAD62}.Release|Any CPU.Build.0 = Release|Any CPU
		{AE31210A-8985-4801-B501-609C14EAAD62}.Release|x64.ActiveCfg = Release|Any CPU
		{AE31210A-8985-4801-B501-609C14EAAD62}.Release|x64.Build.0 = Release|Any CPU
		{AE31210A-8985-4801-B501-609C14EAAD62}.Release|x86.ActiveCfg = Release|Any CPU
		{AE31210A-8985-4801-B501-609C14EAAD62}.Release|x86.Build.0 = Release|Any CPU
		{210A907E-8815-4667-A068-3F4FE6D802D8}.Debug|Any CPU.ActiveCfg = Debug|Any CPU
		{210A907E-8815-4667-A068-3F4FE6D802D8}.Debug|Any CPU.Build.0 = Debug|Any CPU
		{210A907E-8815-4667-A068-3F4FE6D802D8}.Debug|x64.ActiveCfg = Debug|Any CPU
		{210A907E-8815-4667-A068-3F4FE6D802D8}.Debug|x64.Build.0 = Debug|Any CPU
		{210A907E-8815-4667-A068-3F4FE6D802D8}.Debug|x86.ActiveCfg = Debug|Any CPU
		{210A907E-8815-4667-A068-3F4FE6D802D8}.Debug|x86.Build.0 = Debug|Any CPU
		{210A907E-8815-4667-A068-3F4FE6D802D8}.Release|Any CPU.ActiveCfg = Release|Any CPU
		{210A907E-8815-4667-A068-3F4FE6D802D8}.Release|Any CPU.Build.0 = Release|Any CPU
		{210A907E-8815-4667-A068-3F4FE6D802D8}.Release|x64.ActiveCfg = Release|Any CPU
		{210A907E-8815-4667-A068-3F4FE6D802D8}.Release|x64.Build.0 = Release|Any CPU
		{210A907E-8815-4667-A068-3F4FE6D802D8}.Release|x86.ActiveCfg = Release|Any CPU
		{210A907E-8815-4667-A068-3F4FE6D802D8}.Release|x86.Build.0 = Release|Any CPU
	EndGlobalSection
	GlobalSection(SolutionProperties) = preSolution
		HideSolutionNode = FALSE
	EndGlobalSection
	GlobalSection(NestedProjects) = preSolution
		{8FF85A4A-A45A-45AA-A12B-48509EEFB732} = {827E0CD3-B72D-47B6-A68D-7590B98EB39B}
		{5DEF1492-0EEC-4C75-ABAC-666E8966B243} = {827E0CD3-B72D-47B6-A68D-7590B98EB39B}
		{0B09FFB5-AEDB-43DF-AF1C-DFD0C46AB16B} = {827E0CD3-B72D-47B6-A68D-7590B98EB39B}
		{56C2CEB0-E23F-4FA2-A91B-E03F65EE501D} = {827E0CD3-B72D-47B6-A68D-7590B98EB39B}
		{29A3BBD4-EC03-4DC7-B850-46FFA9741FAB} = {827E0CD3-B72D-47B6-A68D-7590B98EB39B}
		{FCF29F88-DD2D-460E-A97A-805B94EE0C54} = {827E0CD3-B72D-47B6-A68D-7590B98EB39B}
		{887CD7E7-B915-45B5-9274-B5DFD49DEC4A} = {827E0CD3-B72D-47B6-A68D-7590B98EB39B}
		{AE31210A-8985-4801-B501-609C14EAAD62} = {827E0CD3-B72D-47B6-A68D-7590B98EB39B}
		{210A907E-8815-4667-A068-3F4FE6D802D8} = {827E0CD3-B72D-47B6-A68D-7590B98EB39B}
	EndGlobalSection
EndGlobal
